
Microsoft Visual Studio Solution File, Format Version 12.00
# Visual Studio Version 16
VisualStudioVersion = 16.0.30611.23
MinimumVisualStudioVersion = 10.0.40219.1
Project("{FAE04EC0-301F-11D3-BF4B-00C04F79EFBC}") = "DifferentialEquations", "DifferentialEquations\DifferentialEquations.csproj", "{0E13468C-D6D6-4D24-BEED-FBCBAB368B43}"
EndProject
Global
	GlobalSection(SolutionConfigurationPlatforms) = preSolution
		Debug|Any CPU = Debug|Any CPU
		Release|Any CPU = Release|Any CPU
	EndGlobalSection
	GlobalSection(ProjectConfigurationPlatforms) = postSolution
		{0E13468C-D6D6-4D24-BEED-FBCBAB368B43}.Debug|Any CPU.ActiveCfg = Debug|Any CPU
		{0E13468C-D6D6-4D24-BEED-FBCBAB368B43}.Debug|Any CPU.Build.0 = Debug|Any CPU
		{0E13468C-D6D6-4D24-BEED-FBCBAB368B43}.Release|Any CPU.ActiveCfg = Release|Any CPU
		{0E13468C-D6D6-4D24-BEED-FBCBAB368B43}.Release|Any CPU.Build.0 = Release|Any CPU
	EndGlobalSection
	GlobalSection(SolutionProperties) = preSolution
		HideSolutionNode = FALSE
	EndGlobalSection
	GlobalSection(ExtensibilityGlobals) = postSolution
		SolutionGuid = {C962FCE0-7F90-49AD-A216-3BD5141AD3D5}
	EndGlobalSection
EndGlobal
